
Microsoft Visual Studio Solution File, Format Version 12.00
# Visual Studio 15
VisualStudioVersion = 15.0.27428.2005
MinimumVisualStudioVersion = 10.0.40219.1
Project("{8BC9CEB8-8B4A-11D0-8D11-00A0C91BC942}") = "01", "01\01.vcxproj", "{AC920830-96D4-4ABA-BBCE-84C3543EF6EB}"
EndProject
Global
	GlobalSection(SolutionConfigurationPlatforms) = preSolution
		Debug|x64 = Debug|x64
		Debug|x86 = Debug|x86
		Release|x64 = Release|x64
		Release|x86 = Release|x86
	EndGlobalSection
	GlobalSection(ProjectConfigurationPlatforms) = postSolution
		{AC920830-96D4-4ABA-BBCE-84C3543EF6EB}.Debug|x64.ActiveCfg = Debug|x64
		{AC920830-96D4-4ABA-BBCE-84C3543EF6EB}.Debug|x64.Build.0 = Debug|x64
		{AC920830-96D4-4ABA-BBCE-84C3543EF6EB}.Debug|x86.ActiveCfg = Debug|Win32
		{AC920830-96D4-4ABA-BBCE-84C3543EF6EB}.Debug|x86.Build.0 = Debug|Win32
		{AC920830-96D4-4ABA-BBCE-84C3543EF6EB}.Release|x64.ActiveCfg = Release|x64
		{AC920830-96D4-4ABA-BBCE-84C3543EF6EB}.Release|x64.Build.0 = Release|x64
		{AC920830-96D4-4ABA-BBCE-84C3543EF6EB}.Release|x86.ActiveCfg = Release|Win32
		{AC920830-96D4-4ABA-BBCE-84C3543EF6EB}.Release|x86.Build.0 = Release|Win32
	EndGlobalSection
	GlobalSection(SolutionProperties) = preSolution
		HideSolutionNode = FALSE
	EndGlobalSection
	GlobalSection(ExtensibilityGlobals) = postSolution
		SolutionGuid = {DEB7A84F-667D-4F9C-B69A-15D901B7990D}
	EndGlobalSection
EndGlobal
